
Microsoft Visual Studio Solution File, Format Version 11.00
# Visual Studio 2010
Project("{FAE04EC0-301F-11D3-BF4B-00C04F79EFBC}") = "TestBinaryModule", "TestBinaryModule.csproj", "{62B3914F-3266-456F-A3C6-15B920DFCB13}"
EndProject
Global
	GlobalSection(SolutionConfigurationPlatforms) = preSolution
		Debug|Any CPU = Debug|Any CPU
	EndGlobalSection
	GlobalSection(ProjectConfigurationPlatforms) = postSolution
		{62B3914F-3266-456F-A3C6-15B920DFCB13}.Debug|Any CPU.ActiveCfg = Debug|Any CPU
		{62B3914F-3266-456F-A3C6-15B920DFCB13}.Debug|Any CPU.Build.0 = Debug|Any CPU
	EndGlobalSection
	GlobalSection(SolutionProperties) = preSolution
		HideSolutionNode = FALSE
	EndGlobalSection
EndGlobal
